// !$*UTF8*$!
{
	archiveVersion = 1;
	classes = {
	};
	objectVersion = 46;
	objects = {

/* Begin PBXBuildFile section */
		C319D6331D1B6A24001054F6 /* AppDelegate.swift in Sources */ = {isa = PBXBuildFile; fileRef = C319D6321D1B6A24001054F6 /* AppDelegate.swift */; };
		C319D6351D1B6A24001054F6 /* ViewController.swift in Sources */ = {isa = PBXBuildFile; fileRef = C319D6341D1B6A24001054F6 /* ViewController.swift */; };
		C319D6381D1B6A24001054F6 /* Main.storyboard in Resources */ = {isa = PBXBuildFile; fileRef = C319D6361D1B6A24001054F6 /* Main.storyboard */; };
		C319D63A1D1B6A24001054F6 /* Assets.xcassets in Resources */ = {isa = PBXBuildFile; fileRef = C319D6391D1B6A24001054F6 /* Assets.xcassets */; };
		C319D63D1D1B6A24001054F6 /* LaunchScreen.storyboard in Resources */ = {isa = PBXBuildFile; fileRef = C319D63B1D1B6A24001054F6 /* LaunchScreen.storyboard */; };
		C319D6451D1B6B11001054F6 /* BookInfo.swift in Sources */ = {isa = PBXBuildFile; fileRef = C319D6441D1B6B11001054F6 /* BookInfo.swift */; };
		C319D6471D1BA80F001054F6 /* BookUITableViewController.swift in Sources */ = {isa = PBXBuildFile; fileRef = C319D6461D1BA80F001054F6 /* BookUITableViewController.swift */; };
		C319D6491D1BBC1B001054F6 /* BookTableViewCell.swift in Sources */ = {isa = PBXBuildFile; fileRef = C319D6481D1BBC1B001054F6 /* BookTableViewCell.swift */; };
		C319D64B1D1BC44F001054F6 /* BookDetailViewController.swift in Sources */ = {isa = PBXBuildFile; fileRef = C319D64A1D1BC44F001054F6 /* BookDetailViewController.swift */; };
/* End PBXBuildFile section */

/* Begin PBXFileReference section */
		C319D62F1D1B6A24001054F6 /* MyBook.app */ = {isa = PBXFileReference; explicitFileType = wrapper.application; includeInIndex = 0; path = MyBook.app; sourceTree = BUILT_PRODUCTS_DIR; };
		C319D6321D1B6A24001054F6 /* AppDelegate.swift */ = {isa = PBXFileReference; lastKnownFileType = sourcecode.swift; path = AppDelegate.swift; sourceTree = "<group>"; };
		C319D6341D1B6A24001054F6 /* ViewController.swift */ = {isa = PBXFileReference; lastKnownFileType = sourcecode.swift; path = ViewController.swift; sourceTree = "<group>"; };
		C319D6371D1B6A24001054F6 /* Base */ = {isa = PBXFileReference; lastKnownFileType = file.storyboard; name = Base; path = Base.lproj/Main.storyboard; sourceTree = "<group>"; };
		C319D6391D1B6A24001054F6 /* Assets.xcassets */ = {isa = PBXFileReference; lastKnownFileType = folder.assetcatalog; path = Assets.xcassets; sourceTree = "<group>"; };
		C319D63C1D1B6A24001054F6 /* Base */ = {isa = PBXFileReference; lastKnownFileType = file.storyboard; name = Base; path = Base.lproj/LaunchScreen.storyboard; sourceTree = "<group>"; };
		C319D63E1D1B6A24001054F6 /* Info.plist */ = {isa = PBXFileReference; lastKnownFileType = text.plist.xml; path = Info.plist; sourceTree = "<group>"; };
		C319D6441D1B6B11001054F6 /* BookInfo.swift */ = {isa = PBXFileReference; fileEncoding = 4; lastKnownFileType = sourcecode.swift; path = BookInfo.swift; sourceTree = "<group>"; };
		C319D6461D1BA80F001054F6 /* BookUITableViewController.swift */ = {isa = PBXFileReference; fileEncoding = 4; lastKnownFileType = sourcecode.swift; path = BookUITableViewController.swift; sourceTree = "<group>"; };
		C319D6481D1BBC1B001054F6 /* BookTableViewCell.swift */ = {isa = PBXFileReference; fileEncoding = 4; lastKnownFileType = sourcecode.swift; path = BookTableViewCell.swift; sourceTree = "<group>"; };
		C319D64A1D1BC44F001054F6 /* BookDetailViewController.swift */ = {isa = PBXFileReference; fileEncoding = 4; lastKnownFileType = sourcecode.swift; path = BookDetailViewController.swift; sourceTree = "<group>"; };
/* End PBXFileReference section */

/* Begin PBXFrameworksBuildPhase section */
		C319D62C1D1B6A24001054F6 /* Frameworks */ = {
			isa = PBXFrameworksBuildPhase;
			buildActionMask = 2147483647;
			files = (
			);
			runOnlyForDeploymentPostprocessing = 0;
		};
/* End PBXFrameworksBuildPhase section */

/* Begin PBXGroup section */
		C319D6261D1B6A24001054F6 = {
			isa = PBXGroup;
			children = (
				C319D6311D1B6A24001054F6 /* MyBook */,
				C319D6301D1B6A24001054F6 /* Products */,
			);
			sourceTree = "<group>";
		};
		C319D6301D1B6A24001054F6 /* Products */ = {
			isa = PBXGroup;
			children = (
				C319D62F1D1B6A24001054F6 /* MyBook.app */,
			);
			name = Products;
			sourceTree = "<group>";
		};
		C319D6311D1B6A24001054F6 /* MyBook */ = {
			isa = PBXGroup;
			children = (
				C319D6321D1B6A24001054F6 /* AppDelegate.swift */,
				C319D6341D1B6A24001054F6 /* ViewController.swift */,
				C319D6361D1B6A24001054F6 /* Main.storyboard */,
				C319D6391D1B6A24001054F6 /* Assets.xcassets */,
				C319D63B1D1B6A24001054F6 /* LaunchScreen.storyboard */,
				C319D63E1D1B6A24001054F6 /* Info.plist */,
				C319D6441D1B6B11001054F6 /* BookInfo.swift */,
				C319D6461D1BA80F001054F6 /* BookUITableViewController.swift */,
				C319D6481D1BBC1B001054F6 /* BookTableViewCell.swift */,
				C319D64A1D1BC44F001054F6 /* BookDetailViewController.swift */,
			);
			path = MyBook;
			sourceTree = "<group>";
		};
/* End PBXGroup section */

/* Begin PBXNativeTarget section */
		C319D62E1D1B6A24001054F6 /* MyBook */ = {
			isa = PBXNativeTarget;
			buildConfigurationList = C319D6411D1B6A24001054F6 /* Build configuration list for PBXNativeTarget "MyBook" */;
			buildPhases = (
				C319D62B1D1B6A24001054F6 /* Sources */,
				C319D62C1D1B6A24001054F6 /* Frameworks */,
				C319D62D1D1B6A24001054F6 /* Resources */,
			);
			buildRules = (
			);
			dependencies = (
			);
			name = MyBook;
			productName = MyBook;
			productReference = C319D62F1D1B6A24001054F6 /* MyBook.app */;
			productType = "com.apple.product-type.application";
		};
/* End PBXNativeTarget section */

/* Begin PBXProject section */
		C319D6271D1B6A24001054F6 /* Project object */ = {
			isa = PBXProject;
			attributes = {
				LastSwiftUpdateCheck = 0730;
				LastUpgradeCheck = 0730;
				ORGANIZATIONNAME = "MF839-002";
				TargetAttributes = {
					C319D62E1D1B6A24001054F6 = {
						CreatedOnToolsVersion = 7.3;
					};
				};
			};
			buildConfigurationList = C319D62A1D1B6A24001054F6 /* Build configuration list for PBXProject "MyBook" */;
			compatibilityVersion = "Xcode 3.2";
			developmentRegion = English;
			hasScannedForEncodings = 0;
			knownRegions = (
				en,
				Base,
			);
			mainGroup = C319D6261D1B6A24001054F6;
			productRefGroup = C319D6301D1B6A24001054F6 /* Products */;
			projectDirPath = "";
			projectRoot = "";
			targets = (
				C319D62E1D1B6A24001054F6 /* MyBook */,
			);
		};
/* End PBXProject section */

/* Begin PBXResourcesBuildPhase section */
		C319D62D1D1B6A24001054F6 /* Resources */ = {
			isa = PBXResourcesBuildPhase;
			buildActionMask = 2147483647;
			files = (
				C319D63D1D1B6A24001054F6 /* LaunchScreen.storyboard in Resources */,
				C319D63A1D1B6A24001054F6 /* Assets.xcassets in Resources */,
				C319D6381D1B6A24001054F6 /* Main.storyboard in Resources */,
			);
			runOnlyForDeploymentPostprocessing = 0;
		};
/* End PBXResourcesBuildPhase section */

/* Begin PBXSourcesBuildPhase section */
		C319D62B1D1B6A24001054F6 /* Sources */ = {
			isa = PBXSourcesBuildPhase;
			buildActionMask = 2147483647;
			files = (
				C319D6451D1B6B11001054F6 /* BookInfo.swift in Sources */,
				C319D6351D1B6A24001054F6 /* ViewController.swift in Sources */,
				C319D64B1D1BC44F001054F6 /* BookDetailViewController.swift in Sources */,
				C319D6471D1BA80F001054F6 /* BookUITableViewController.swift in Sources */,
				C319D6491D1BBC1B001054F6 /* BookTableViewCell.swift in Sources */,
				C319D6331D1B6A24001054F6 /* AppDelegate.swift in Sources */,
			);
			runOnlyForDeploymentPostprocessing = 0;
		};
/* End PBXSourcesBuildPhase section */

/* Begin PBXVariantGroup section */
		C319D6361D1B6A24001054F6 /* Main.storyboard */ = {
			isa = PBXVariantGroup;
			children = (
				C319D6371D1B6A24001054F6 /* Base */,
			);
			name = Main.storyboard;
			sourceTree = "<group>";
		};
		C319D63B1D1B6A24001054F6 /* LaunchScreen.storyboard */ = {
			isa = PBXVariantGroup;
			children = (
				C319D63C1D1B6A24001054F6 /* Base */,
			);
			name = LaunchScreen.storyboard;
			sourceTree = "<group>";
		};
/* End PBXVariantGroup section */

/* Begin XCBuildConfiguration section */
		C319D63F1D1B6A24001054F6 /* Debug */ = {
			isa = XCBuildConfiguration;
			buildSettings = {
				ALWAYS_SEARCH_USER_PATHS = NO;
				CLANG_ANALYZER_NONNULL = YES;
				CLANG_CXX_LANGUAGE_STANDARD = "gnu++0x";
				CLANG_CXX_LIBRARY = "libc++";
				CLANG_ENABLE_MODULES = YES;
				CLANG_ENABLE_OBJC_ARC = YES;
				CLANG_WARN_BOOL_CONVERSION = YES;
				CLANG_WARN_CONSTANT_CONVERSION = YES;
				CLANG_WARN_DIRECT_OBJC_ISA_USAGE = YES_ERROR;
				CLANG_WARN_EMPTY_BODY = YES;
				CLANG_WARN_ENUM_CONVERSION = YES;
				CLANG_WARN_INT_CONVERSION = YES;
				CLANG_WARN_OBJC_ROOT_CLASS = YES_ERROR;
				CLANG_WARN_UNREACHABLE_CODE = YES;
				CLANG_WARN__DUPLICATE_METHOD_MATCH = YES;
				"CODE_SIGN_IDENTITY[sdk=iphoneos*]" = "iPhone Developer";
				COPY_PHASE_STRIP = NO;
				DEBUG_INFORMATION_FORMAT = dwarf;
				ENABLE_STRICT_OBJC_MSGSEND = YES;
				ENABLE_TESTABILITY = YES;
				GCC_C_LANGUAGE_STANDARD = gnu99;
				GCC_DYNAMIC_NO_PIC = NO;
				GCC_NO_COMMON_BLOCKS = YES;
				GCC_OPTIMIZATION_LEVEL = 0;
				GCC_PREPROCESSOR_DEFINITIONS = (
					"DEBUG=1",
					"$(inherited)",
				);
				GCC_WARN_64_TO_32_BIT_CONVERSION = YES;
				GCC_WARN_ABOUT_RETURN_TYPE = YES_ERROR;
				GCC_WARN_UNDECLARED_SELECTOR = YES;
				GCC_WARN_UNINITIALIZED_AUTOS = YES_AGGRESSIVE;
				GCC_WARN_UNUSED_FUNCTION = YES;
				GCC_WARN_UNUSED_VARIABLE = YES;
				IPHONEOS_DEPLOYMENT_TARGET = 9.3;
				MTL_ENABLE_DEBUG_INFO = YES;
				ONLY_ACTIVE_ARCH = YES;
				SDKROOT = iphoneos;
				SWIFT_OPTIMIZATION_LEVEL = "-Onone";
			};
			name = Debug;
		};
		C319D6401D1B6A24001054F6 /* Release */ = {
			isa = XCBuildConfiguration;
			buildSettings = {
				ALWAYS_SEARCH_USER_PATHS = NO;
				CLANG_ANALYZER_NONNULL = YES;
				CLANG_CXX_LANGUAGE_STANDARD = "gnu++0x";
				CLANG_CXX_LIBRARY = "libc++";
				CLANG_ENABLE_MODULES = YES;
				CLANG_ENABLE_OBJC_ARC = YES;
				CLANG_WARN_BOOL_CONVERSION = YES;
				CLANG_WARN_CONSTANT_CONVERSION = YES;
				CLANG_WARN_DIRECT_OBJC_ISA_USAGE = YES_ERROR;
				CLANG_WARN_EMPTY_BODY = YES;
				CLANG_WARN_ENUM_CONVERSION = YES;
				CLANG_WARN_INT_CONVERSION = YES;
				CLANG_WARN_OBJC_ROOT_CLASS = YES_ERROR;
				CLANG_WARN_UNREACHABLE_CODE = YES;
				CLANG_WARN__DUPLICATE_METHOD_MATCH = YES;
				"CODE_SIGN_IDENTITY[sdk=iphoneos*]" = "iPhone Developer";
				COPY_PHASE_STRIP = NO;
				DEBUG_INFORMATION_FORMAT = "dwarf-with-dsym";
				ENABLE_NS_ASSERTIONS = NO;
				ENABLE_STRICT_OBJC_MSGSEND = YES;
				GCC_C_LANGUAGE_STANDARD = gnu99;
				GCC_NO_COMMON_BLOCKS = YES;
				GCC_WARN_64_TO_32_BIT_CONVERSION = YES;
				GCC_WARN_ABOUT_RETURN_TYPE = YES_ERROR;
				GCC_WARN_UNDECLARED_SELECTOR = YES;
				GCC_WARN_UNINITIALIZED_AUTOS = YES_AGGRESSIVE;
				GCC_WARN_UNUSED_FUNCTION = YES;
				GCC_WARN_UNUSED_VARIABLE = YES;
				IPHONEOS_DEPLOYMENT_TARGET = 9.3;
				MTL_ENABLE_DEBUG_INFO = NO;
				SDKROOT = iphoneos;
				VALIDATE_PRODUCT = YES;
			};
			name = Release;
		};
		C319D6421D1B6A24001054F6 /* Debug */ = {
			isa = XCBuildConfiguration;
			buildSettings = {
				ASSETCATALOG_COMPILER_APPICON_NAME = AppIcon;
				INFOPLIST_FILE = MyBook/Info.plist;
				LD_RUNPATH_SEARCH_PATHS = "$(inherited) @executable_path/Frameworks";
				PRODUCT_BUNDLE_IDENTIFIER = com.sds.MyBook;
				PRODUCT_NAME = "$(TARGET_NAME)";
			};
			name = Debug;
		};
		C319D6431D1B6A24001054F6 /* Release */ = {
			isa = XCBuildConfiguration;
			buildSettings = {
				ASSETCATALOG_COMPILER_APPICON_NAME = AppIcon;
				INFOPLIST_FILE = MyBook/Info.plist;
				LD_RUNPATH_SEARCH_PATHS = "$(inherited) @executable_path/Frameworks";
				PRODUCT_BUNDLE_IDENTIFIER = com.sds.MyBook;
				PRODUCT_NAME = "$(TARGET_NAME)";
			};
			name = Release;
		};
/* End XCBuildConfiguration section */

/* Begin XCConfigurationList section */
		C319D62A1D1B6A24001054F6 /* Build configuration list for PBXProject "MyBook" */ = {
			isa = XCConfigurationList;
			buildConfigurations = (
				C319D63F1D1B6A24001054F6 /* Debug */,
				C319D6401D1B6A24001054F6 /* Release */,
			);
			defaultConfigurationIsVisible = 0;
			defaultConfigurationName = Release;
		};
		C319D6411D1B6A24001054F6 /* Build configuration list for PBXNativeTarget "MyBook" */ = {
			isa = XCConfigurationList;
			buildConfigurations = (
				C319D6421D1B6A24001054F6 /* Debug */,
				C319D6431D1B6A24001054F6 /* Release */,
			);
			defaultConfigurationIsVisible = 0;
		};
/* End XCConfigurationList section */
	};
	rootObject = C319D6271D1B6A24001054F6 /* Project object */;
}
